
Microsoft Visual Studio Solution File, Format Version 12.00
# Visual Studio Version 17
VisualStudioVersion = 17.6.33829.357
MinimumVisualStudioVersion = 10.0.40219.1
Project("{9A19103F-16F7-4668-BE54-9A1E7A4F7556}") = "HahnSoftware.API", "HahnSoftware.API\HahnSoftware.API.csproj", "{17F53DA1-289D-4FB5-ADF6-C503215F0DA7}"
EndProject
Project("{9A19103F-16F7-4668-BE54-9A1E7A4F7556}") = "HahnSoftware.Domain", "HahnSoftware.Domain\HahnSoftware.Domain.csproj", "{A60B8FA8-8CB3-47B4-A7BC-D442D27C53B3}"
EndProject
Project("{9A19103F-16F7-4668-BE54-9A1E7A4F7556}") = "HahnSoftware.Infrastructure", "HahnSoftware.Infrastructure\HahnSoftware.Infrastructure.csproj", "{EAF2C8FF-2A58-4BD7-BCC8-31B08E04C582}"
EndProject
Project("{9A19103F-16F7-4668-BE54-9A1E7A4F7556}") = "HahnSoftware.Application", "HahnSoftware.Application\HahnSoftware.Application.csproj", "{138CB705-0772-43B3-826D-77B50525DAAC}"
EndProject
Project("{FAE04EC0-301F-11D3-BF4B-00C04F79EFBC}") = "HahnSoftware.Tests", "HahnSoftware.Tests\HahnSoftware.Tests.csproj", "{D01522B5-FA4E-4126-9F55-3E7EAC1ECD7E}"
EndProject
Global
	GlobalSection(SolutionConfigurationPlatforms) = preSolution
		Debug|Any CPU = Debug|Any CPU
		Release|Any CPU = Release|Any CPU
	EndGlobalSection
	GlobalSection(ProjectConfigurationPlatforms) = postSolution
		{17F53DA1-289D-4FB5-ADF6-C503215F0DA7}.Debug|Any CPU.ActiveCfg = Debug|Any CPU
		{17F53DA1-289D-4FB5-ADF6-C503215F0DA7}.Debug|Any CPU.Build.0 = Debug|Any CPU
		{17F53DA1-289D-4FB5-ADF6-C503215F0DA7}.Release|Any CPU.ActiveCfg = Release|Any CPU
		{17F53DA1-289D-4FB5-ADF6-C503215F0DA7}.Release|Any CPU.Build.0 = Release|Any CPU
		{A60B8FA8-8CB3-47B4-A7BC-D442D27C53B3}.Debug|Any CPU.ActiveCfg = Debug|Any CPU
		{A60B8FA8-8CB3-47B4-A7BC-D442D27C53B3}.Debug|Any CPU.Build.0 = Debug|Any CPU
		{A60B8FA8-8CB3-47B4-A7BC-D442D27C53B3}.Release|Any CPU.ActiveCfg = Release|Any CPU
		{A60B8FA8-8CB3-47B4-A7BC-D442D27C53B3}.Release|Any CPU.Build.0 = Release|Any CPU
		{EAF2C8FF-2A58-4BD7-BCC8-31B08E04C582}.Debug|Any CPU.ActiveCfg = Debug|Any CPU
		{EAF2C8FF-2A58-4BD7-BCC8-31B08E04C582}.Debug|Any CPU.Build.0 = Debug|Any CPU
		{EAF2C8FF-2A58-4BD7-BCC8-31B08E04C582}.Release|Any CPU.ActiveCfg = Release|Any CPU
		{EAF2C8FF-2A58-4BD7-BCC8-31B08E04C582}.Release|Any CPU.Build.0 = Release|Any CPU
		{138CB705-0772-43B3-826D-77B50525DAAC}.Debug|Any CPU.ActiveCfg = Debug|Any CPU
		{138CB705-0772-43B3-826D-77B50525DAAC}.Debug|Any CPU.Build.0 = Debug|Any CPU
		{138CB705-0772-43B3-826D-77B50525DAAC}.Release|Any CPU.ActiveCfg = Release|Any CPU
		{138CB705-0772-43B3-826D-77B50525DAAC}.Release|Any CPU.Build.0 = Release|Any CPU
		{D01522B5-FA4E-4126-9F55-3E7EAC1ECD7E}.Debug|Any CPU.ActiveCfg = Debug|Any CPU
		{D01522B5-FA4E-4126-9F55-3E7EAC1ECD7E}.Debug|Any CPU.Build.0 = Debug|Any CPU
		{D01522B5-FA4E-4126-9F55-3E7EAC1ECD7E}.Release|Any CPU.ActiveCfg = Release|Any CPU
		{D01522B5-FA4E-4126-9F55-3E7EAC1ECD7E}.Release|Any CPU.Build.0 = Release|Any CPU
	EndGlobalSection
	GlobalSection(SolutionProperties) = preSolution
		HideSolutionNode = FALSE
	EndGlobalSection
	GlobalSection(ExtensibilityGlobals) = postSolution
		SolutionGuid = {DD3114C5-C6C6-4907-B2AB-1D00F4F5F19E}
	EndGlobalSection
EndGlobal
